
Microsoft Visual Studio Solution File, Format Version 12.00
# Visual Studio Version 17
VisualStudioVersion = 17.11.35327.3
MinimumVisualStudioVersion = 10.0.40219.1
Project("{9A19103F-16F7-4668-BE54-9A1E7A4F7556}") = "SeventhHomework", "SeventhHomework\SeventhHomework.csproj", "{E366ED50-7346-4815-8926-4A35D5B28B59}"
EndProject
Project("{FAE04EC0-301F-11D3-BF4B-00C04F79EFBC}") = "Tumakov", "Tumakov\Tumakov.csproj", "{BF1723E2-1808-45D2-A422-8462E57AEB56}"
EndProject
Global
	GlobalSection(SolutionConfigurationPlatforms) = preSolution
		Debug|Any CPU = Debug|Any CPU
		Release|Any CPU = Release|Any CPU
	EndGlobalSection
	GlobalSection(ProjectConfigurationPlatforms) = postSolution
		{E366ED50-7346-4815-8926-4A35D5B28B59}.Debug|Any CPU.ActiveCfg = Debug|Any CPU
		{E366ED50-7346-4815-8926-4A35D5B28B59}.Debug|Any CPU.Build.0 = Debug|Any CPU
		{E366ED50-7346-4815-8926-4A35D5B28B59}.Release|Any CPU.ActiveCfg = Release|Any CPU
		{E366ED50-7346-4815-8926-4A35D5B28B59}.Release|Any CPU.Build.0 = Release|Any CPU
		{BF1723E2-1808-45D2-A422-8462E57AEB56}.Debug|Any CPU.ActiveCfg = Debug|Any CPU
		{BF1723E2-1808-45D2-A422-8462E57AEB56}.Debug|Any CPU.Build.0 = Debug|Any CPU
		{BF1723E2-1808-45D2-A422-8462E57AEB56}.Release|Any CPU.ActiveCfg = Release|Any CPU
		{BF1723E2-1808-45D2-A422-8462E57AEB56}.Release|Any CPU.Build.0 = Release|Any CPU
	EndGlobalSection
	GlobalSection(SolutionProperties) = preSolution
		HideSolutionNode = FALSE
	EndGlobalSection
	GlobalSection(ExtensibilityGlobals) = postSolution
		SolutionGuid = {E0266C56-3FC0-468B-BF55-9E3D996D1526}
	EndGlobalSection
EndGlobal
